
Microsoft Visual Studio Solution File, Format Version 12.00
# Visual Studio Version 17
VisualStudioVersion = 17.1.32228.430
MinimumVisualStudioVersion = 10.0.40219.1
Project("{FAE04EC0-301F-11D3-BF4B-00C04F79EFBC}") = "PreAceleracionAlkemy", "PreAceleracionAlkemy.csproj", "{4598A44C-8942-48E0-83E2-6D837D117729}"
EndProject
Global
	GlobalSection(SolutionConfigurationPlatforms) = preSolution
		Debug|Any CPU = Debug|Any CPU
		Release|Any CPU = Release|Any CPU
	EndGlobalSection
	GlobalSection(ProjectConfigurationPlatforms) = postSolution
		{4598A44C-8942-48E0-83E2-6D837D117729}.Debug|Any CPU.ActiveCfg = Debug|Any CPU
		{4598A44C-8942-48E0-83E2-6D837D117729}.Debug|Any CPU.Build.0 = Debug|Any CPU
		{4598A44C-8942-48E0-83E2-6D837D117729}.Release|Any CPU.ActiveCfg = Release|Any CPU
		{4598A44C-8942-48E0-83E2-6D837D117729}.Release|Any CPU.Build.0 = Release|Any CPU
	EndGlobalSection
	GlobalSection(SolutionProperties) = preSolution
		HideSolutionNode = FALSE
	EndGlobalSection
	GlobalSection(ExtensibilityGlobals) = postSolution
		SolutionGuid = {EE83DE56-B8ED-4DC1-9BC0-372DE5411FCB}
	EndGlobalSection
EndGlobal
